
Microsoft Visual Studio Solution File, Format Version 12.00
# Visual Studio Version 17
VisualStudioVersion = 17.14.36414.22
MinimumVisualStudioVersion = 10.0.40219.1
Project("{FAE04EC0-301F-11D3-BF4B-00C04F79EFBC}") = "GitRep02", "GitRep02\GitRep02.csproj", "{2DB356E8-6D44-4C79-B854-5A7B96D12CD7}"
EndProject
Project("{FAE04EC0-301F-11D3-BF4B-00C04F79EFBC}") = "ClassLibrary1", "ClassLibrary1\ClassLibrary1.csproj", "{3DFCFC76-C599-4E9F-8D82-876448D5902C}"
EndProject
Project("{FAE04EC0-301F-11D3-BF4B-00C04F79EFBC}") = "UnitTestProject1", "UnitTestProject1\UnitTestProject1.csproj", "{967A97C4-D007-47B6-A96F-4CEFD59E5724}"
EndProject
Global
	GlobalSection(SolutionConfigurationPlatforms) = preSolution
		Debug|Any CPU = Debug|Any CPU
		Release|Any CPU = Release|Any CPU
	EndGlobalSection
	GlobalSection(ProjectConfigurationPlatforms) = postSolution
		{2DB356E8-6D44-4C79-B854-5A7B96D12CD7}.Debug|Any CPU.ActiveCfg = Debug|Any CPU
		{2DB356E8-6D44-4C79-B854-5A7B96D12CD7}.Debug|Any CPU.Build.0 = Debug|Any CPU
		{2DB356E8-6D44-4C79-B854-5A7B96D12CD7}.Release|Any CPU.ActiveCfg = Release|Any CPU
		{2DB356E8-6D44-4C79-B854-5A7B96D12CD7}.Release|Any CPU.Build.0 = Release|Any CPU
		{3DFCFC76-C599-4E9F-8D82-876448D5902C}.Debug|Any CPU.ActiveCfg = Debug|Any CPU
		{3DFCFC76-C599-4E9F-8D82-876448D5902C}.Debug|Any CPU.Build.0 = Debug|Any CPU
		{3DFCFC76-C599-4E9F-8D82-876448D5902C}.Release|Any CPU.ActiveCfg = Release|Any CPU
		{3DFCFC76-C599-4E9F-8D82-876448D5902C}.Release|Any CPU.Build.0 = Release|Any CPU
		{967A97C4-D007-47B6-A96F-4CEFD59E5724}.Debug|Any CPU.ActiveCfg = Debug|Any CPU
		{967A97C4-D007-47B6-A96F-4CEFD59E5724}.Debug|Any CPU.Build.0 = Debug|Any CPU
		{967A97C4-D007-47B6-A96F-4CEFD59E5724}.Release|Any CPU.ActiveCfg = Release|Any CPU
		{967A97C4-D007-47B6-A96F-4CEFD59E5724}.Release|Any CPU.Build.0 = Release|Any CPU
	EndGlobalSection
	GlobalSection(SolutionProperties) = preSolution
		HideSolutionNode = FALSE
	EndGlobalSection
	GlobalSection(ExtensibilityGlobals) = postSolution
		SolutionGuid = {F4627DE6-C54E-4206-8E59-521BA5719938}
	EndGlobalSection
EndGlobal
